
Microsoft Visual Studio Solution File, Format Version 12.00
# Visual Studio 15
VisualStudioVersion = 15.0.28010.2016
MinimumVisualStudioVersion = 10.0.40219.1
Project("{FAE04EC0-301F-11D3-BF4B-00C04F79EFBC}") = "BloomFilterDemo", "BloomFilterDemo\BloomFilterDemo.csproj", "{3410F074-529A-4890-806B-F11BFC34E2A5}"
EndProject
Global
	GlobalSection(SolutionConfigurationPlatforms) = preSolution
		Debug|Any CPU = Debug|Any CPU
		Release|Any CPU = Release|Any CPU
	EndGlobalSection
	GlobalSection(ProjectConfigurationPlatforms) = postSolution
		{3410F074-529A-4890-806B-F11BFC34E2A5}.Debug|Any CPU.ActiveCfg = Debug|Any CPU
		{3410F074-529A-4890-806B-F11BFC34E2A5}.Debug|Any CPU.Build.0 = Debug|Any CPU
		{3410F074-529A-4890-806B-F11BFC34E2A5}.Release|Any CPU.ActiveCfg = Release|Any CPU
		{3410F074-529A-4890-806B-F11BFC34E2A5}.Release|Any CPU.Build.0 = Release|Any CPU
	EndGlobalSection
	GlobalSection(SolutionProperties) = preSolution
		HideSolutionNode = FALSE
	EndGlobalSection
	GlobalSection(ExtensibilityGlobals) = postSolution
		SolutionGuid = {8322F6D9-0007-46BC-8FA8-EDB70EEB17C0}
	EndGlobalSection
EndGlobal
